
Microsoft Visual Studio Solution File, Format Version 12.00
# Visual Studio Version 16
VisualStudioVersion = 16.0.29613.14
MinimumVisualStudioVersion = 10.0.40219.1
Project("{9A19103F-16F7-4668-BE54-9A1E7A4F7556}") = "Blazui.Community.Api", "BlazUICommunity.Api\Blazui.Community.Api.csproj", "{0A07D0EF-948B-4C0E-B123-8A202E5F6676}"
EndProject
Project("{9A19103F-16F7-4668-BE54-9A1E7A4F7556}") = "Blazui.Community.App", "BlazUICommunity.App\Blazui.Community.App.csproj", "{7ED5522D-6335-4934-B910-08CF4DFA4731}"
EndProject
Project("{9A19103F-16F7-4668-BE54-9A1E7A4F7556}") = "Blazui.Community.Model", "BlazUICommunity.Model\Blazui.Community.Model.csproj", "{A3F88305-6BC0-4FE5-A7E3-F6A611E6A3F1}"
EndProject
Project("{9A19103F-16F7-4668-BE54-9A1E7A4F7556}") = "Blazui.Community.Utility", "BlazUICommunity.Utility\Blazui.Community.Utility.csproj", "{0F08BA12-E388-4FCF-AB90-7E4E7CB2ADA4}"
EndProject
Project("{9A19103F-16F7-4668-BE54-9A1E7A4F7556}") = "Blazui.Community.Test", "BlazUICommunity.Test\Blazui.Community.Test.csproj", "{29877874-1FB2-455F-A970-3959E711E527}"
EndProject
Project("{9A19103F-16F7-4668-BE54-9A1E7A4F7556}") = "Blazui.Community.UnitOfWork", "BlazUICommunity.UnitOfWork\Blazui.Community.UnitOfWork.csproj", "{4E0B8EC1-710D-4AFE-9FE6-89B7F0E3FB26}"
EndProject
Project("{9A19103F-16F7-4668-BE54-9A1E7A4F7556}") = "Blazui.Community.Repository", "BlazUICommunity.Repository\Blazui.Community.Repository.csproj", "{BDEFA4C3-A69F-47BC-88CD-27B32D02456F}"
EndProject
Project("{9A19103F-16F7-4668-BE54-9A1E7A4F7556}") = "Blazui.Community.DTO", "BlazUICommunity.DTO\Blazui.Community.DTO.csproj", "{EE2464C8-5E94-4C23-9DB8-92726F78A6B8}"
EndProject
Project("{9A19103F-16F7-4668-BE54-9A1E7A4F7556}") = "Blazui.Community.Request", "BlazUICommunity.Request\Blazui.Community.Request.csproj", "{ED9778D8-1BB2-4158-8E67-0F689D02200C}"
EndProject
Project("{9A19103F-16F7-4668-BE54-9A1E7A4F7556}") = "Blazui.Component", "..\..\Blazui\src\Blazui.Component\Blazui.Component.csproj", "{A1ED1725-3D6F-4CA1-BD0E-3E19F57458B7}"
EndProject
Project("{9A19103F-16F7-4668-BE54-9A1E7A4F7556}") = "Blazui.Markdown", "..\..\Blazui.Markdown\src\Blazui.Markdown\Blazui.Markdown.csproj", "{053F5CAA-B2BA-4096-942A-EFB319626226}"
EndProject
Project("{9A19103F-16F7-4668-BE54-9A1E7A4F7556}") = "Blazui.Community.Admin", "Blazui.Community.Admin\Blazui.Community.Admin.csproj", "{33C41815-944B-492D-ABF5-512D1EF34386}"
EndProject
Project("{9A19103F-16F7-4668-BE54-9A1E7A4F7556}") = "BlazAdmin", "..\..\BlazAdmin\src\BlazAdmin\BlazAdmin.csproj", "{95D6474E-CAE4-4785-9FC6-4ED8B6775168}"
EndProject
Project("{9A19103F-16F7-4668-BE54-9A1E7A4F7556}") = "BlazAdmin.ServerRender", "..\..\BlazAdmin.ServerRender\src\BlazAdmin.ServerRender\BlazAdmin.ServerRender.csproj", "{BCB24D6E-D129-4974-AA9C-4B61272267A4}"
EndProject
Project("{9A19103F-16F7-4668-BE54-9A1E7A4F7556}") = "Blazui.Community.MSTest", "Blazui.Community.MSTest\Blazui.Community.MSTest.csproj", "{35E899CC-8F56-4501-A23C-F746B5D68B52}"
EndProject
Project("{9A19103F-16F7-4668-BE54-9A1E7A4F7556}") = "Blazui.Community.XUnitTest", "Blazui.Community.XUnitTest\Blazui.Community.XUnitTest.csproj", "{60B5907C-2BF3-44A1-9271-DABEA072BA4C}"
EndProject
Project("{2150E333-8FDC-42A3-9474-1A3956D46DE8}") = "src", "src", "{02D4946E-BCDD-426C-A948-5284886B10FB}"
EndProject
Project("{2150E333-8FDC-42A3-9474-1A3956D46DE8}") = "dependencies", "dependencies", "{E95F1659-1A5D-440A-8AAE-F7427826A2BF}"
EndProject
Project("{9A19103F-16F7-4668-BE54-9A1E7A4F7556}") = "Blazui.Community.Enums", "Blazui.Community.Enums\Blazui.Community.Enums.csproj", "{D3E60454-B8ED-461A-A31D-4888120269FC}"
EndProject
Global
	GlobalSection(SolutionConfigurationPlatforms) = preSolution
		Debug|Any CPU = Debug|Any CPU
		Release|Any CPU = Release|Any CPU
	EndGlobalSection
	GlobalSection(ProjectConfigurationPlatforms) = postSolution
		{0A07D0EF-948B-4C0E-B123-8A202E5F6676}.Debug|Any CPU.ActiveCfg = Debug|Any CPU
		{0A07D0EF-948B-4C0E-B123-8A202E5F6676}.Debug|Any CPU.Build.0 = Debug|Any CPU
		{0A07D0EF-948B-4C0E-B123-8A202E5F6676}.Release|Any CPU.ActiveCfg = Release|Any CPU
		{0A07D0EF-948B-4C0E-B123-8A202E5F6676}.Release|Any CPU.Build.0 = Release|Any CPU
		{7ED5522D-6335-4934-B910-08CF4DFA4731}.Debug|Any CPU.ActiveCfg = Debug|Any CPU
		{7ED5522D-6335-4934-B910-08CF4DFA4731}.Debug|Any CPU.Build.0 = Debug|Any CPU
		{7ED5522D-6335-4934-B910-08CF4DFA4731}.Release|Any CPU.ActiveCfg = Release|Any CPU
		{7ED5522D-6335-4934-B910-08CF4DFA4731}.Release|Any CPU.Build.0 = Release|Any CPU
		{A3F88305-6BC0-4FE5-A7E3-F6A611E6A3F1}.Debug|Any CPU.ActiveCfg = Debug|Any CPU
		{A3F88305-6BC0-4FE5-A7E3-F6A611E6A3F1}.Debug|Any CPU.Build.0 = Debug|Any CPU
		{A3F88305-6BC0-4FE5-A7E3-F6A611E6A3F1}.Release|Any CPU.ActiveCfg = Release|Any CPU
		{A3F88305-6BC0-4FE5-A7E3-F6A611E6A3F1}.Release|Any CPU.Build.0 = Release|Any CPU
		{0F08BA12-E388-4FCF-AB90-7E4E7CB2ADA4}.Debug|Any CPU.ActiveCfg = Debug|Any CPU
		{0F08BA12-E388-4FCF-AB90-7E4E7CB2ADA4}.Debug|Any CPU.Build.0 = Debug|Any CPU
		{0F08BA12-E388-4FCF-AB90-7E4E7CB2ADA4}.Release|Any CPU.ActiveCfg = Release|Any CPU
		{0F08BA12-E388-4FCF-AB90-7E4E7CB2ADA4}.Release|Any CPU.Build.0 = Release|Any CPU
		{29877874-1FB2-455F-A970-3959E711E527}.Debug|Any CPU.ActiveCfg = Debug|Any CPU
		{29877874-1FB2-455F-A970-3959E711E527}.Debug|Any CPU.Build.0 = Debug|Any CPU
		{29877874-1FB2-455F-A970-3959E711E527}.Release|Any CPU.ActiveCfg = Release|Any CPU
		{29877874-1FB2-455F-A970-3959E711E527}.Release|Any CPU.Build.0 = Release|Any CPU
		{4E0B8EC1-710D-4AFE-9FE6-89B7F0E3FB26}.Debug|Any CPU.ActiveCfg = Debug|Any CPU
		{4E0B8EC1-710D-4AFE-9FE6-89B7F0E3FB26}.Debug|Any CPU.Build.0 = Debug|Any CPU
		{4E0B8EC1-710D-4AFE-9FE6-89B7F0E3FB26}.Release|Any CPU.ActiveCfg = Release|Any CPU
		{4E0B8EC1-710D-4AFE-9FE6-89B7F0E3FB26}.Release|Any CPU.Build.0 = Release|Any CPU
		{BDEFA4C3-A69F-47BC-88CD-27B32D02456F}.Debug|Any CPU.ActiveCfg = Debug|Any CPU
		{BDEFA4C3-A69F-47BC-88CD-27B32D02456F}.Debug|Any CPU.Build.0 = Debug|Any CPU
		{BDEFA4C3-A69F-47BC-88CD-27B32D02456F}.Release|Any CPU.ActiveCfg = Release|Any CPU
		{BDEFA4C3-A69F-47BC-88CD-27B32D02456F}.Release|Any CPU.Build.0 = Release|Any CPU
		{EE2464C8-5E94-4C23-9DB8-92726F78A6B8}.Debug|Any CPU.ActiveCfg = Debug|Any CPU
		{EE2464C8-5E94-4C23-9DB8-92726F78A6B8}.Debug|Any CPU.Build.0 = Debug|Any CPU
		{EE2464C8-5E94-4C23-9DB8-92726F78A6B8}.Release|Any CPU.ActiveCfg = Release|Any CPU
		{EE2464C8-5E94-4C23-9DB8-92726F78A6B8}.Release|Any CPU.Build.0 = Release|Any CPU
		{ED9778D8-1BB2-4158-8E67-0F689D02200C}.Debug|Any CPU.ActiveCfg = Debug|Any CPU
		{ED9778D8-1BB2-4158-8E67-0F689D02200C}.Debug|Any CPU.Build.0 = Debug|Any CPU
		{ED9778D8-1BB2-4158-8E67-0F689D02200C}.Release|Any CPU.ActiveCfg = Release|Any CPU
		{ED9778D8-1BB2-4158-8E67-0F689D02200C}.Release|Any CPU.Build.0 = Release|Any CPU
		{A1ED1725-3D6F-4CA1-BD0E-3E19F57458B7}.Debug|Any CPU.ActiveCfg = Debug|Any CPU
		{A1ED1725-3D6F-4CA1-BD0E-3E19F57458B7}.Debug|Any CPU.Build.0 = Debug|Any CPU
		{A1ED1725-3D6F-4CA1-BD0E-3E19F57458B7}.Release|Any CPU.ActiveCfg = Release|Any CPU
		{A1ED1725-3D6F-4CA1-BD0E-3E19F57458B7}.Release|Any CPU.Build.0 = Release|Any CPU
		{053F5CAA-B2BA-4096-942A-EFB319626226}.Debug|Any CPU.ActiveCfg = Debug|Any CPU
		{053F5CAA-B2BA-4096-942A-EFB319626226}.Debug|Any CPU.Build.0 = Debug|Any CPU
		{053F5CAA-B2BA-4096-942A-EFB319626226}.Release|Any CPU.ActiveCfg = Release|Any CPU
		{053F5CAA-B2BA-4096-942A-EFB319626226}.Release|Any CPU.Build.0 = Release|Any CPU
		{33C41815-944B-492D-ABF5-512D1EF34386}.Debug|Any CPU.ActiveCfg = Debug|Any CPU
		{33C41815-944B-492D-ABF5-512D1EF34386}.Debug|Any CPU.Build.0 = Debug|Any CPU
		{33C41815-944B-492D-ABF5-512D1EF34386}.Release|Any CPU.ActiveCfg = Release|Any CPU
		{33C41815-944B-492D-ABF5-512D1EF34386}.Release|Any CPU.Build.0 = Release|Any CPU
		{95D6474E-CAE4-4785-9FC6-4ED8B6775168}.Debug|Any CPU.ActiveCfg = Debug|Any CPU
		{95D6474E-CAE4-4785-9FC6-4ED8B6775168}.Debug|Any CPU.Build.0 = Debug|Any CPU
		{95D6474E-CAE4-4785-9FC6-4ED8B6775168}.Release|Any CPU.ActiveCfg = Release|Any CPU
		{95D6474E-CAE4-4785-9FC6-4ED8B6775168}.Release|Any CPU.Build.0 = Release|Any CPU
		{BCB24D6E-D129-4974-AA9C-4B61272267A4}.Debug|Any CPU.ActiveCfg = Debug|Any CPU
		{BCB24D6E-D129-4974-AA9C-4B61272267A4}.Debug|Any CPU.Build.0 = Debug|Any CPU
		{BCB24D6E-D129-4974-AA9C-4B61272267A4}.Release|Any CPU.ActiveCfg = Release|Any CPU
		{BCB24D6E-D129-4974-AA9C-4B61272267A4}.Release|Any CPU.Build.0 = Release|Any CPU
		{35E899CC-8F56-4501-A23C-F746B5D68B52}.Debug|Any CPU.ActiveCfg = Debug|Any CPU
		{35E899CC-8F56-4501-A23C-F746B5D68B52}.Debug|Any CPU.Build.0 = Debug|Any CPU
		{35E899CC-8F56-4501-A23C-F746B5D68B52}.Release|Any CPU.ActiveCfg = Release|Any CPU
		{35E899CC-8F56-4501-A23C-F746B5D68B52}.Release|Any CPU.Build.0 = Release|Any CPU
		{60B5907C-2BF3-44A1-9271-DABEA072BA4C}.Debug|Any CPU.ActiveCfg = Debug|Any CPU
		{60B5907C-2BF3-44A1-9271-DABEA072BA4C}.Debug|Any CPU.Build.0 = Debug|Any CPU
		{60B5907C-2BF3-44A1-9271-DABEA072BA4C}.Release|Any CPU.ActiveCfg = Release|Any CPU
		{60B5907C-2BF3-44A1-9271-DABEA072BA4C}.Release|Any CPU.Build.0 = Release|Any CPU
		{D3E60454-B8ED-461A-A31D-4888120269FC}.Debug|Any CPU.ActiveCfg = Debug|Any CPU
		{D3E60454-B8ED-461A-A31D-4888120269FC}.Debug|Any CPU.Build.0 = Debug|Any CPU
		{D3E60454-B8ED-461A-A31D-4888120269FC}.Release|Any CPU.ActiveCfg = Release|Any CPU
		{D3E60454-B8ED-461A-A31D-4888120269FC}.Release|Any CPU.Build.0 = Release|Any CPU
	EndGlobalSection
	GlobalSection(SolutionProperties) = preSolution
		HideSolutionNode = FALSE
	EndGlobalSection
	GlobalSection(NestedProjects) = preSolution
		{0A07D0EF-948B-4C0E-B123-8A202E5F6676} = {02D4946E-BCDD-426C-A948-5284886B10FB}
		{7ED5522D-6335-4934-B910-08CF4DFA4731} = {02D4946E-BCDD-426C-A948-5284886B10FB}
		{A3F88305-6BC0-4FE5-A7E3-F6A611E6A3F1} = {02D4946E-BCDD-426C-A948-5284886B10FB}
		{0F08BA12-E388-4FCF-AB90-7E4E7CB2ADA4} = {02D4946E-BCDD-426C-A948-5284886B10FB}
		{4E0B8EC1-710D-4AFE-9FE6-89B7F0E3FB26} = {02D4946E-BCDD-426C-A948-5284886B10FB}
		{BDEFA4C3-A69F-47BC-88CD-27B32D02456F} = {02D4946E-BCDD-426C-A948-5284886B10FB}
		{EE2464C8-5E94-4C23-9DB8-92726F78A6B8} = {02D4946E-BCDD-426C-A948-5284886B10FB}
		{ED9778D8-1BB2-4158-8E67-0F689D02200C} = {02D4946E-BCDD-426C-A948-5284886B10FB}
		{A1ED1725-3D6F-4CA1-BD0E-3E19F57458B7} = {E95F1659-1A5D-440A-8AAE-F7427826A2BF}
		{053F5CAA-B2BA-4096-942A-EFB319626226} = {E95F1659-1A5D-440A-8AAE-F7427826A2BF}
		{33C41815-944B-492D-ABF5-512D1EF34386} = {02D4946E-BCDD-426C-A948-5284886B10FB}
		{95D6474E-CAE4-4785-9FC6-4ED8B6775168} = {E95F1659-1A5D-440A-8AAE-F7427826A2BF}
		{BCB24D6E-D129-4974-AA9C-4B61272267A4} = {E95F1659-1A5D-440A-8AAE-F7427826A2BF}
		{D3E60454-B8ED-461A-A31D-4888120269FC} = {02D4946E-BCDD-426C-A948-5284886B10FB}
	EndGlobalSection
	GlobalSection(ExtensibilityGlobals) = postSolution
		SolutionGuid = {214D9E3A-FE6D-493E-86F1-59CFBDFE4EAD}
	EndGlobalSection
EndGlobal
