
Microsoft Visual Studio Solution File, Format Version 12.00
# Visual Studio Version 16
VisualStudioVersion = 16.0.29613.14
MinimumVisualStudioVersion = 10.0.40219.1
Project("{9A19103F-16F7-4668-BE54-9A1E7A4F7556}") = "BlazUICommunity.Api", "BlazUICommunity.Api\BlazUICommunity.Api.csproj", "{0A07D0EF-948B-4C0E-B123-8A202E5F6676}"
EndProject
Project("{9A19103F-16F7-4668-BE54-9A1E7A4F7556}") = "BlazUICommunity.App", "BlazUICommunity.App\BlazUICommunity.App.csproj", "{7ED5522D-6335-4934-B910-08CF4DFA4731}"
EndProject
Project("{9A19103F-16F7-4668-BE54-9A1E7A4F7556}") = "BlazUICommunity.Model", "BlazUICommunity.Model\BlazUICommunity.Model.csproj", "{A3F88305-6BC0-4FE5-A7E3-F6A611E6A3F1}"
EndProject
Project("{9A19103F-16F7-4668-BE54-9A1E7A4F7556}") = "BlazUICommunity.Utility", "BlazUICommunity.Utility\BlazUICommunity.Utility.csproj", "{0F08BA12-E388-4FCF-AB90-7E4E7CB2ADA4}"
EndProject
Project("{9A19103F-16F7-4668-BE54-9A1E7A4F7556}") = "BlazUICommunity.IdentityServer4", "BlazUICommunity.IdentityServer4\BlazUICommunity.IdentityServer4.csproj", "{5481E37B-6307-4DF9-89C1-06D91CDD3D33}"
EndProject
Project("{9A19103F-16F7-4668-BE54-9A1E7A4F7556}") = "UnitTestBZCommunity", "UnitTestBZCommunity\UnitTestBZCommunity.csproj", "{C622138C-465A-4FA8-9086-61C1508FB391}"
EndProject
Project("{9A19103F-16F7-4668-BE54-9A1E7A4F7556}") = "BlazUICommunity.Test", "BlazUICommunity.Test\BlazUICommunity.Test.csproj", "{29877874-1FB2-455F-A970-3959E711E527}"
EndProject
Project("{9A19103F-16F7-4668-BE54-9A1E7A4F7556}") = "BlazUICommunity.UnitOfWork", "BlazUICommunity.UnitOfWork\BlazUICommunity.UnitOfWork.csproj", "{4E0B8EC1-710D-4AFE-9FE6-89B7F0E3FB26}"
EndProject
Project("{9A19103F-16F7-4668-BE54-9A1E7A4F7556}") = "BlazUICommunity.Repository", "BlazUICommunity.Repository\BlazUICommunity.Repository.csproj", "{BDEFA4C3-A69F-47BC-88CD-27B32D02456F}"
EndProject
Project("{FAE04EC0-301F-11D3-BF4B-00C04F79EFBC}") = "BlazUICommunity.DTO", "BlazUICommunity.DTO\BlazUICommunity.DTO.csproj", "{EE2464C8-5E94-4C23-9DB8-92726F78A6B8}"
EndProject
Project("{FAE04EC0-301F-11D3-BF4B-00C04F79EFBC}") = "BlazUICommunity.Request", "BlazUICommunity.Request\BlazUICommunity.Request.csproj", "{ED9778D8-1BB2-4158-8E67-0F689D02200C}"
EndProject
Global
	GlobalSection(SolutionConfigurationPlatforms) = preSolution
		Debug|Any CPU = Debug|Any CPU
		Release|Any CPU = Release|Any CPU
	EndGlobalSection
	GlobalSection(ProjectConfigurationPlatforms) = postSolution
		{0A07D0EF-948B-4C0E-B123-8A202E5F6676}.Debug|Any CPU.ActiveCfg = Debug|Any CPU
		{0A07D0EF-948B-4C0E-B123-8A202E5F6676}.Debug|Any CPU.Build.0 = Debug|Any CPU
		{0A07D0EF-948B-4C0E-B123-8A202E5F6676}.Release|Any CPU.ActiveCfg = Release|Any CPU
		{0A07D0EF-948B-4C0E-B123-8A202E5F6676}.Release|Any CPU.Build.0 = Release|Any CPU
		{7ED5522D-6335-4934-B910-08CF4DFA4731}.Debug|Any CPU.ActiveCfg = Debug|Any CPU
		{7ED5522D-6335-4934-B910-08CF4DFA4731}.Debug|Any CPU.Build.0 = Debug|Any CPU
		{7ED5522D-6335-4934-B910-08CF4DFA4731}.Release|Any CPU.ActiveCfg = Release|Any CPU
		{7ED5522D-6335-4934-B910-08CF4DFA4731}.Release|Any CPU.Build.0 = Release|Any CPU
		{A3F88305-6BC0-4FE5-A7E3-F6A611E6A3F1}.Debug|Any CPU.ActiveCfg = Debug|Any CPU
		{A3F88305-6BC0-4FE5-A7E3-F6A611E6A3F1}.Debug|Any CPU.Build.0 = Debug|Any CPU
		{A3F88305-6BC0-4FE5-A7E3-F6A611E6A3F1}.Release|Any CPU.ActiveCfg = Release|Any CPU
		{A3F88305-6BC0-4FE5-A7E3-F6A611E6A3F1}.Release|Any CPU.Build.0 = Release|Any CPU
		{0F08BA12-E388-4FCF-AB90-7E4E7CB2ADA4}.Debug|Any CPU.ActiveCfg = Debug|Any CPU
		{0F08BA12-E388-4FCF-AB90-7E4E7CB2ADA4}.Debug|Any CPU.Build.0 = Debug|Any CPU
		{0F08BA12-E388-4FCF-AB90-7E4E7CB2ADA4}.Release|Any CPU.ActiveCfg = Release|Any CPU
		{0F08BA12-E388-4FCF-AB90-7E4E7CB2ADA4}.Release|Any CPU.Build.0 = Release|Any CPU
		{5481E37B-6307-4DF9-89C1-06D91CDD3D33}.Debug|Any CPU.ActiveCfg = Debug|Any CPU
		{5481E37B-6307-4DF9-89C1-06D91CDD3D33}.Debug|Any CPU.Build.0 = Debug|Any CPU
		{5481E37B-6307-4DF9-89C1-06D91CDD3D33}.Release|Any CPU.ActiveCfg = Release|Any CPU
		{5481E37B-6307-4DF9-89C1-06D91CDD3D33}.Release|Any CPU.Build.0 = Release|Any CPU
		{C622138C-465A-4FA8-9086-61C1508FB391}.Debug|Any CPU.ActiveCfg = Debug|Any CPU
		{C622138C-465A-4FA8-9086-61C1508FB391}.Debug|Any CPU.Build.0 = Debug|Any CPU
		{C622138C-465A-4FA8-9086-61C1508FB391}.Release|Any CPU.ActiveCfg = Release|Any CPU
		{C622138C-465A-4FA8-9086-61C1508FB391}.Release|Any CPU.Build.0 = Release|Any CPU
		{29877874-1FB2-455F-A970-3959E711E527}.Debug|Any CPU.ActiveCfg = Debug|Any CPU
		{29877874-1FB2-455F-A970-3959E711E527}.Debug|Any CPU.Build.0 = Debug|Any CPU
		{29877874-1FB2-455F-A970-3959E711E527}.Release|Any CPU.ActiveCfg = Release|Any CPU
		{29877874-1FB2-455F-A970-3959E711E527}.Release|Any CPU.Build.0 = Release|Any CPU
		{4E0B8EC1-710D-4AFE-9FE6-89B7F0E3FB26}.Debug|Any CPU.ActiveCfg = Debug|Any CPU
		{4E0B8EC1-710D-4AFE-9FE6-89B7F0E3FB26}.Debug|Any CPU.Build.0 = Debug|Any CPU
		{4E0B8EC1-710D-4AFE-9FE6-89B7F0E3FB26}.Release|Any CPU.ActiveCfg = Release|Any CPU
		{4E0B8EC1-710D-4AFE-9FE6-89B7F0E3FB26}.Release|Any CPU.Build.0 = Release|Any CPU
		{BDEFA4C3-A69F-47BC-88CD-27B32D02456F}.Debug|Any CPU.ActiveCfg = Debug|Any CPU
		{BDEFA4C3-A69F-47BC-88CD-27B32D02456F}.Debug|Any CPU.Build.0 = Debug|Any CPU
		{BDEFA4C3-A69F-47BC-88CD-27B32D02456F}.Release|Any CPU.ActiveCfg = Release|Any CPU
		{BDEFA4C3-A69F-47BC-88CD-27B32D02456F}.Release|Any CPU.Build.0 = Release|Any CPU
		{EE2464C8-5E94-4C23-9DB8-92726F78A6B8}.Debug|Any CPU.ActiveCfg = Debug|Any CPU
		{EE2464C8-5E94-4C23-9DB8-92726F78A6B8}.Debug|Any CPU.Build.0 = Debug|Any CPU
		{EE2464C8-5E94-4C23-9DB8-92726F78A6B8}.Release|Any CPU.ActiveCfg = Release|Any CPU
		{EE2464C8-5E94-4C23-9DB8-92726F78A6B8}.Release|Any CPU.Build.0 = Release|Any CPU
		{ED9778D8-1BB2-4158-8E67-0F689D02200C}.Debug|Any CPU.ActiveCfg = Debug|Any CPU
		{ED9778D8-1BB2-4158-8E67-0F689D02200C}.Debug|Any CPU.Build.0 = Debug|Any CPU
		{ED9778D8-1BB2-4158-8E67-0F689D02200C}.Release|Any CPU.ActiveCfg = Release|Any CPU
		{ED9778D8-1BB2-4158-8E67-0F689D02200C}.Release|Any CPU.Build.0 = Release|Any CPU
	EndGlobalSection
	GlobalSection(SolutionProperties) = preSolution
		HideSolutionNode = FALSE
	EndGlobalSection
	GlobalSection(ExtensibilityGlobals) = postSolution
		SolutionGuid = {214D9E3A-FE6D-493E-86F1-59CFBDFE4EAD}
	EndGlobalSection
EndGlobal
